
Microsoft Visual Studio Solution File, Format Version 12.00
# Visual Studio Version 16
VisualStudioVersion = 16.0.32228.343
MinimumVisualStudioVersion = 10.0.40219.1
Project("{9A19103F-16F7-4668-BE54-9A1E7A4F7556}") = "Drives", "Drives\Drives.csproj", "{BD26C2C1-F406-47C5-8D19-8C4CC731CD6F}"
EndProject
Project("{9A19103F-16F7-4668-BE54-9A1E7A4F7556}") = "DirectoryAndDirectiryInfo", "DirectoryAndDirectiryInfo\DirectoryAndDirectiryInfo.csproj", "{DCE41473-E7EA-4100-8779-6169B4D56B89}"
EndProject
Project("{9A19103F-16F7-4668-BE54-9A1E7A4F7556}") = "FileAndFileInfo", "FileAndFileInfo\FileAndFileInfo.csproj", "{F2A37385-09C7-415D-9599-EECA37A68A8C}"
EndProject
Project("{FAE04EC0-301F-11D3-BF4B-00C04F79EFBC}") = "FileStreamExample", "FileStreamExample\FileStreamExample.csproj", "{00F095FE-B003-42B7-B77B-284A7BD65C63}"
EndProject
Project("{FAE04EC0-301F-11D3-BF4B-00C04F79EFBC}") = "StreamWriterAndStreamReader", "StreamWriterAndStreamReader\StreamWriterAndStreamReader.csproj", "{172ABA8B-A5FC-4131-B486-C4FF0DE5A380}"
EndProject
Project("{FAE04EC0-301F-11D3-BF4B-00C04F79EFBC}") = "BinaryWriterAndBinaryReader", "BinaryWriterAndBinaryReader\BinaryWriterAndBinaryReader.csproj", "{886A92FC-CE6D-457B-A7B6-FB2B8F695DE1}"
EndProject
Project("{FAE04EC0-301F-11D3-BF4B-00C04F79EFBC}") = "CompressingAndDecompresingFiles", "CompressingAndDecompresingFiles\CompressingAndDecompresingFiles.csproj", "{FBB1628F-A93D-4D76-A2E7-CB2F8428E883}"
EndProject
Global
	GlobalSection(SolutionConfigurationPlatforms) = preSolution
		Debug|Any CPU = Debug|Any CPU
		Release|Any CPU = Release|Any CPU
	EndGlobalSection
	GlobalSection(ProjectConfigurationPlatforms) = postSolution
		{BD26C2C1-F406-47C5-8D19-8C4CC731CD6F}.Debug|Any CPU.ActiveCfg = Debug|Any CPU
		{BD26C2C1-F406-47C5-8D19-8C4CC731CD6F}.Debug|Any CPU.Build.0 = Debug|Any CPU
		{BD26C2C1-F406-47C5-8D19-8C4CC731CD6F}.Release|Any CPU.ActiveCfg = Release|Any CPU
		{BD26C2C1-F406-47C5-8D19-8C4CC731CD6F}.Release|Any CPU.Build.0 = Release|Any CPU
		{DCE41473-E7EA-4100-8779-6169B4D56B89}.Debug|Any CPU.ActiveCfg = Debug|Any CPU
		{DCE41473-E7EA-4100-8779-6169B4D56B89}.Debug|Any CPU.Build.0 = Debug|Any CPU
		{DCE41473-E7EA-4100-8779-6169B4D56B89}.Release|Any CPU.ActiveCfg = Release|Any CPU
		{DCE41473-E7EA-4100-8779-6169B4D56B89}.Release|Any CPU.Build.0 = Release|Any CPU
		{F2A37385-09C7-415D-9599-EECA37A68A8C}.Debug|Any CPU.ActiveCfg = Debug|Any CPU
		{F2A37385-09C7-415D-9599-EECA37A68A8C}.Debug|Any CPU.Build.0 = Debug|Any CPU
		{F2A37385-09C7-415D-9599-EECA37A68A8C}.Release|Any CPU.ActiveCfg = Release|Any CPU
		{F2A37385-09C7-415D-9599-EECA37A68A8C}.Release|Any CPU.Build.0 = Release|Any CPU
		{00F095FE-B003-42B7-B77B-284A7BD65C63}.Debug|Any CPU.ActiveCfg = Debug|Any CPU
		{00F095FE-B003-42B7-B77B-284A7BD65C63}.Debug|Any CPU.Build.0 = Debug|Any CPU
		{00F095FE-B003-42B7-B77B-284A7BD65C63}.Release|Any CPU.ActiveCfg = Release|Any CPU
		{00F095FE-B003-42B7-B77B-284A7BD65C63}.Release|Any CPU.Build.0 = Release|Any CPU
		{172ABA8B-A5FC-4131-B486-C4FF0DE5A380}.Debug|Any CPU.ActiveCfg = Debug|Any CPU
		{172ABA8B-A5FC-4131-B486-C4FF0DE5A380}.Debug|Any CPU.Build.0 = Debug|Any CPU
		{172ABA8B-A5FC-4131-B486-C4FF0DE5A380}.Release|Any CPU.ActiveCfg = Release|Any CPU
		{172ABA8B-A5FC-4131-B486-C4FF0DE5A380}.Release|Any CPU.Build.0 = Release|Any CPU
		{886A92FC-CE6D-457B-A7B6-FB2B8F695DE1}.Debug|Any CPU.ActiveCfg = Debug|Any CPU
		{886A92FC-CE6D-457B-A7B6-FB2B8F695DE1}.Debug|Any CPU.Build.0 = Debug|Any CPU
		{886A92FC-CE6D-457B-A7B6-FB2B8F695DE1}.Release|Any CPU.ActiveCfg = Release|Any CPU
		{886A92FC-CE6D-457B-A7B6-FB2B8F695DE1}.Release|Any CPU.Build.0 = Release|Any CPU
		{FBB1628F-A93D-4D76-A2E7-CB2F8428E883}.Debug|Any CPU.ActiveCfg = Debug|Any CPU
		{FBB1628F-A93D-4D76-A2E7-CB2F8428E883}.Debug|Any CPU.Build.0 = Debug|Any CPU
		{FBB1628F-A93D-4D76-A2E7-CB2F8428E883}.Release|Any CPU.ActiveCfg = Release|Any CPU
		{FBB1628F-A93D-4D76-A2E7-CB2F8428E883}.Release|Any CPU.Build.0 = Release|Any CPU
	EndGlobalSection
	GlobalSection(SolutionProperties) = preSolution
		HideSolutionNode = FALSE
	EndGlobalSection
	GlobalSection(ExtensibilityGlobals) = postSolution
		SolutionGuid = {EE850207-00FF-4CEA-A3DE-265C30434195}
	EndGlobalSection
EndGlobal
